// !$*UTF8*$!
{
	archiveVersion = 1;
	classes = {
	};
	objectVersion = 56;
	objects = {

/* Begin PBXBuildFile section */
		5514B7AC298B27E4006E603C /* Helper.swift in Sources */ = {isa = PBXBuildFile; fileRef = 5514B7AB298B27E4006E603C /* Helper.swift */; };
		5514B7AE298B27EE006E603C /* menu.json in Resources */ = {isa = PBXBuildFile; fileRef = 5514B7AD298B27EE006E603C /* menu.json */; };
		5514B7B0298B27FD006E603C /* Menu.swift in Sources */ = {isa = PBXBuildFile; fileRef = 5514B7AF298B27FD006E603C /* Menu.swift */; };
		5514B7B2298B280B006E603C /* Order.swift in Sources */ = {isa = PBXBuildFile; fileRef = 5514B7B1298B280B006E603C /* Order.swift */; };
		5514B7B4298B3257006E603C /* ItemRow.swift in Sources */ = {isa = PBXBuildFile; fileRef = 5514B7B3298B3257006E603C /* ItemRow.swift */; };
		5514B7B6298B41E2006E603C /* ItemDetail.swift in Sources */ = {isa = PBXBuildFile; fileRef = 5514B7B5298B41E2006E603C /* ItemDetail.swift */; };
		554EE44C298C91EB005960B4 /* OrderView.swift in Sources */ = {isa = PBXBuildFile; fileRef = 554EE44B298C91EB005960B4 /* OrderView.swift */; };
		554EE44E298C942F005960B4 /* MainView.swift in Sources */ = {isa = PBXBuildFile; fileRef = 554EE44D298C942F005960B4 /* MainView.swift */; };
		554EE450298C99CE005960B4 /* CheckoutView.swift in Sources */ = {isa = PBXBuildFile; fileRef = 554EE44F298C99CE005960B4 /* CheckoutView.swift */; };
		55D386782989EC29003A9D1F /* ImenuApp.swift in Sources */ = {isa = PBXBuildFile; fileRef = 55D386772989EC29003A9D1F /* ImenuApp.swift */; };
		55D3867A2989EC29003A9D1F /* ContentView.swift in Sources */ = {isa = PBXBuildFile; fileRef = 55D386792989EC29003A9D1F /* ContentView.swift */; };
		55D3867C2989EC2A003A9D1F /* Assets.xcassets in Resources */ = {isa = PBXBuildFile; fileRef = 55D3867B2989EC2A003A9D1F /* Assets.xcassets */; };
		55D3867F2989EC2A003A9D1F /* Preview Assets.xcassets in Resources */ = {isa = PBXBuildFile; fileRef = 55D3867E2989EC2A003A9D1F /* Preview Assets.xcassets */; };
		55D386892989EC2A003A9D1F /* ImenuTests.swift in Sources */ = {isa = PBXBuildFile; fileRef = 55D386882989EC2A003A9D1F /* ImenuTests.swift */; };
		55D386932989EC2A003A9D1F /* ImenuUITests.swift in Sources */ = {isa = PBXBuildFile; fileRef = 55D386922989EC2A003A9D1F /* ImenuUITests.swift */; };
		55D386952989EC2A003A9D1F /* ImenuUITestsLaunchTests.swift in Sources */ = {isa = PBXBuildFile; fileRef = 55D386942989EC2A003A9D1F /* ImenuUITestsLaunchTests.swift */; };
/* End PBXBuildFile section */

/* Begin PBXContainerItemProxy section */
		55D386852989EC2A003A9D1F /* PBXContainerItemProxy */ = {
			isa = PBXContainerItemProxy;
			containerPortal = 55D3866C2989EC29003A9D1F /* Project object */;
			proxyType = 1;
			remoteGlobalIDString = 55D386732989EC29003A9D1F;
			remoteInfo = Imenu;
		};
		55D3868F2989EC2A003A9D1F /* PBXContainerItemProxy */ = {
			isa = PBXContainerItemProxy;
			containerPortal = 55D3866C2989EC29003A9D1F /* Project object */;
			proxyType = 1;
			remoteGlobalIDString = 55D386732989EC29003A9D1F;
			remoteInfo = Imenu;
		};
/* End PBXContainerItemProxy section */

/* Begin PBXFileReference section */
		5514B7AB298B27E4006E603C /* Helper.swift */ = {isa = PBXFileReference; fileEncoding = 4; lastKnownFileType = sourcecode.swift; path = Helper.swift; sourceTree = "<group>"; };
		5514B7AD298B27EE006E603C /* menu.json */ = {isa = PBXFileReference; fileEncoding = 4; lastKnownFileType = text.json; path = menu.json; sourceTree = "<group>"; };
		5514B7AF298B27FD006E603C /* Menu.swift */ = {isa = PBXFileReference; fileEncoding = 4; lastKnownFileType = sourcecode.swift; path = Menu.swift; sourceTree = "<group>"; };
		5514B7B1298B280B006E603C /* Order.swift */ = {isa = PBXFileReference; fileEncoding = 4; lastKnownFileType = sourcecode.swift; path = Order.swift; sourceTree = "<group>"; };
		5514B7B3298B3257006E603C /* ItemRow.swift */ = {isa = PBXFileReference; lastKnownFileType = sourcecode.swift; path = ItemRow.swift; sourceTree = "<group>"; };
		5514B7B5298B41E2006E603C /* ItemDetail.swift */ = {isa = PBXFileReference; lastKnownFileType = sourcecode.swift; path = ItemDetail.swift; sourceTree = "<group>"; };
		554EE44B298C91EB005960B4 /* OrderView.swift */ = {isa = PBXFileReference; lastKnownFileType = sourcecode.swift; path = OrderView.swift; sourceTree = "<group>"; };
		554EE44D298C942F005960B4 /* MainView.swift */ = {isa = PBXFileReference; lastKnownFileType = sourcecode.swift; path = MainView.swift; sourceTree = "<group>"; };
		554EE44F298C99CE005960B4 /* CheckoutView.swift */ = {isa = PBXFileReference; lastKnownFileType = sourcecode.swift; path = CheckoutView.swift; sourceTree = "<group>"; };
		55D386742989EC29003A9D1F /* Imenu.app */ = {isa = PBXFileReference; explicitFileType = wrapper.application; includeInIndex = 0; path = Imenu.app; sourceTree = BUILT_PRODUCTS_DIR; };
		55D386772989EC29003A9D1F /* ImenuApp.swift */ = {isa = PBXFileReference; lastKnownFileType = sourcecode.swift; path = ImenuApp.swift; sourceTree = "<group>"; };
		55D386792989EC29003A9D1F /* ContentView.swift */ = {isa = PBXFileReference; lastKnownFileType = sourcecode.swift; path = ContentView.swift; sourceTree = "<group>"; };
		55D3867B2989EC2A003A9D1F /* Assets.xcassets */ = {isa = PBXFileReference; lastKnownFileType = folder.assetcatalog; path = Assets.xcassets; sourceTree = "<group>"; };
		55D3867E2989EC2A003A9D1F /* Preview Assets.xcassets */ = {isa = PBXFileReference; lastKnownFileType = folder.assetcatalog; path = "Preview Assets.xcassets"; sourceTree = "<group>"; };
		55D386842989EC2A003A9D1F /* ImenuTests.xctest */ = {isa = PBXFileReference; explicitFileType = wrapper.cfbundle; includeInIndex = 0; path = ImenuTests.xctest; sourceTree = BUILT_PRODUCTS_DIR; };
		55D386882989EC2A003A9D1F /* ImenuTests.swift */ = {isa = PBXFileReference; lastKnownFileType = sourcecode.swift; path = ImenuTests.swift; sourceTree = "<group>"; };
		55D3868E2989EC2A003A9D1F /* ImenuUITests.xctest */ = {isa = PBXFileReference; explicitFileType = wrapper.cfbundle; includeInIndex = 0; path = ImenuUITests.xctest; sourceTree = BUILT_PRODUCTS_DIR; };
		55D386922989EC2A003A9D1F /* ImenuUITests.swift */ = {isa = PBXFileReference; lastKnownFileType = sourcecode.swift; path = ImenuUITests.swift; sourceTree = "<group>"; };
		55D386942989EC2A003A9D1F /* ImenuUITestsLaunchTests.swift */ = {isa = PBXFileReference; lastKnownFileType = sourcecode.swift; path = ImenuUITestsLaunchTests.swift; sourceTree = "<group>"; };
/* End PBXFileReference section */

/* Begin PBXFrameworksBuildPhase section */
		55D386712989EC29003A9D1F /* Frameworks */ = {
			isa = PBXFrameworksBuildPhase;
			buildActionMask = 2147483647;
			files = (
			);
			runOnlyForDeploymentPostprocessing = 0;
		};
		55D386812989EC2A003A9D1F /* Frameworks */ = {
			isa = PBXFrameworksBuildPhase;
			buildActionMask = 2147483647;
			files = (
			);
			runOnlyForDeploymentPostprocessing = 0;
		};
		55D3868B2989EC2A003A9D1F /* Frameworks */ = {
			isa = PBXFrameworksBuildPhase;
			buildActionMask = 2147483647;
			files = (
			);
			runOnlyForDeploymentPostprocessing = 0;
		};
/* End PBXFrameworksBuildPhase section */

/* Begin PBXGroup section */
		55D3866B2989EC29003A9D1F = {
			isa = PBXGroup;
			children = (
				55D386762989EC29003A9D1F /* Imenu */,
				55D386872989EC2A003A9D1F /* ImenuTests */,
				55D386912989EC2A003A9D1F /* ImenuUITests */,
				55D386752989EC29003A9D1F /* Products */,
			);
			sourceTree = "<group>";
		};
		55D386752989EC29003A9D1F /* Products */ = {
			isa = PBXGroup;
			children = (
				55D386742989EC29003A9D1F /* Imenu.app */,
				55D386842989EC2A003A9D1F /* ImenuTests.xctest */,
				55D3868E2989EC2A003A9D1F /* ImenuUITests.xctest */,
			);
			name = Products;
			sourceTree = "<group>";
		};
		55D386762989EC29003A9D1F /* Imenu */ = {
			isa = PBXGroup;
			children = (
				55D386772989EC29003A9D1F /* ImenuApp.swift */,
				5514B7AD298B27EE006E603C /* menu.json */,
				55D386792989EC29003A9D1F /* ContentView.swift */,
				5514B7B5298B41E2006E603C /* ItemDetail.swift */,
				554EE44B298C91EB005960B4 /* OrderView.swift */,
				554EE44D298C942F005960B4 /* MainView.swift */,
				554EE44F298C99CE005960B4 /* CheckoutView.swift */,
				5514B7B3298B3257006E603C /* ItemRow.swift */,
				5514B7B1298B280B006E603C /* Order.swift */,
				5514B7AF298B27FD006E603C /* Menu.swift */,
				5514B7AB298B27E4006E603C /* Helper.swift */,
				55D3867B2989EC2A003A9D1F /* Assets.xcassets */,
				55D3867D2989EC2A003A9D1F /* Preview Content */,
			);
			path = Imenu;
			sourceTree = "<group>";
		};
		55D3867D2989EC2A003A9D1F /* Preview Content */ = {
			isa = PBXGroup;
			children = (
				55D3867E2989EC2A003A9D1F /* Preview Assets.xcassets */,
			);
			path = "Preview Content";
			sourceTree = "<group>";
		};
		55D386872989EC2A003A9D1F /* ImenuTests */ = {
			isa = PBXGroup;
			children = (
				55D386882989EC2A003A9D1F /* ImenuTests.swift */,
			);
			path = ImenuTests;
			sourceTree = "<group>";
		};
		55D386912989EC2A003A9D1F /* ImenuUITests */ = {
			isa = PBXGroup;
			children = (
				55D386922989EC2A003A9D1F /* ImenuUITests.swift */,
				55D386942989EC2A003A9D1F /* ImenuUITestsLaunchTests.swift */,
			);
			path = ImenuUITests;
			sourceTree = "<group>";
		};
/* End PBXGroup section */

/* Begin PBXNativeTarget section */
		55D386732989EC29003A9D1F /* Imenu */ = {
			isa = PBXNativeTarget;
			buildConfigurationList = 55D386982989EC2A003A9D1F /* Build configuration list for PBXNativeTarget "Imenu" */;
			buildPhases = (
				55D386702989EC29003A9D1F /* Sources */,
				55D386712989EC29003A9D1F /* Frameworks */,
				55D386722989EC29003A9D1F /* Resources */,
			);
			buildRules = (
			);
			dependencies = (
			);
			name = Imenu;
			productName = Imenu;
			productReference = 55D386742989EC29003A9D1F /* Imenu.app */;
			productType = "com.apple.product-type.application";
		};
		55D386832989EC2A003A9D1F /* ImenuTests */ = {
			isa = PBXNativeTarget;
			buildConfigurationList = 55D3869B2989EC2A003A9D1F /* Build configuration list for PBXNativeTarget "ImenuTests" */;
			buildPhases = (
				55D386802989EC2A003A9D1F /* Sources */,
				55D386812989EC2A003A9D1F /* Frameworks */,
				55D386822989EC2A003A9D1F /* Resources */,
			);
			buildRules = (
			);
			dependencies = (
				55D386862989EC2A003A9D1F /* PBXTargetDependency */,
			);
			name = ImenuTests;
			productName = ImenuTests;
			productReference = 55D386842989EC2A003A9D1F /* ImenuTests.xctest */;
			productType = "com.apple.product-type.bundle.unit-test";
		};
		55D3868D2989EC2A003A9D1F /* ImenuUITests */ = {
			isa = PBXNativeTarget;
			buildConfigurationList = 55D3869E2989EC2A003A9D1F /* Build configuration list for PBXNativeTarget "ImenuUITests" */;
			buildPhases = (
				55D3868A2989EC2A003A9D1F /* Sources */,
				55D3868B2989EC2A003A9D1F /* Frameworks */,
				55D3868C2989EC2A003A9D1F /* Resources */,
			);
			buildRules = (
			);
			dependencies = (
				55D386902989EC2A003A9D1F /* PBXTargetDependency */,
			);
			name = ImenuUITests;
			productName = ImenuUITests;
			productReference = 55D3868E2989EC2A003A9D1F /* ImenuUITests.xctest */;
			productType = "com.apple.product-type.bundle.ui-testing";
		};
/* End PBXNativeTarget section */

/* Begin PBXProject section */
		55D3866C2989EC29003A9D1F /* Project object */ = {
			isa = PBXProject;
			attributes = {
				BuildIndependentTargetsInParallel = 1;
				LastSwiftUpdateCheck = 1420;
				LastUpgradeCheck = 1420;
				TargetAttributes = {
					55D386732989EC29003A9D1F = {
						CreatedOnToolsVersion = 14.2;
					};
					55D386832989EC2A003A9D1F = {
						CreatedOnToolsVersion = 14.2;
						TestTargetID = 55D386732989EC29003A9D1F;
					};
					55D3868D2989EC2A003A9D1F = {
						CreatedOnToolsVersion = 14.2;
						TestTargetID = 55D386732989EC29003A9D1F;
					};
				};
			};
			buildConfigurationList = 55D3866F2989EC29003A9D1F /* Build configuration list for PBXProject "Imenu" */;
			compatibilityVersion = "Xcode 14.0";
			developmentRegion = en;
			hasScannedForEncodings = 0;
			knownRegions = (
				en,
				Base,
			);
			mainGroup = 55D3866B2989EC29003A9D1F;
			productRefGroup = 55D386752989EC29003A9D1F /* Products */;
			projectDirPath = "";
			projectRoot = "";
			targets = (
				55D386732989EC29003A9D1F /* Imenu */,
				55D386832989EC2A003A9D1F /* ImenuTests */,
				55D3868D2989EC2A003A9D1F /* ImenuUITests */,
			);
		};
/* End PBXProject section */

/* Begin PBXResourcesBuildPhase section */
		55D386722989EC29003A9D1F /* Resources */ = {
			isa = PBXResourcesBuildPhase;
			buildActionMask = 2147483647;
			files = (
				5514B7AE298B27EE006E603C /* menu.json in Resources */,
				55D3867F2989EC2A003A9D1F /* Preview Assets.xcassets in Resources */,
				55D3867C2989EC2A003A9D1F /* Assets.xcassets in Resources */,
			);
			runOnlyForDeploymentPostprocessing = 0;
		};
		55D386822989EC2A003A9D1F /* Resources */ = {
			isa = PBXResourcesBuildPhase;
			buildActionMask = 2147483647;
			files = (
			);
			runOnlyForDeploymentPostprocessing = 0;
		};
		55D3868C2989EC2A003A9D1F /* Resources */ = {
			isa = PBXResourcesBuildPhase;
			buildActionMask = 2147483647;
			files = (
			);
			runOnlyForDeploymentPostprocessing = 0;
		};
/* End PBXResourcesBuildPhase section */

/* Begin PBXSourcesBuildPhase section */
		55D386702989EC29003A9D1F /* Sources */ = {
			isa = PBXSourcesBuildPhase;
			buildActionMask = 2147483647;
			files = (
				5514B7B6298B41E2006E603C /* ItemDetail.swift in Sources */,
				554EE44E298C942F005960B4 /* MainView.swift in Sources */,
				554EE450298C99CE005960B4 /* CheckoutView.swift in Sources */,
				554EE44C298C91EB005960B4 /* OrderView.swift in Sources */,
				55D3867A2989EC29003A9D1F /* ContentView.swift in Sources */,
				55D386782989EC29003A9D1F /* ImenuApp.swift in Sources */,
				5514B7B2298B280B006E603C /* Order.swift in Sources */,
				5514B7B4298B3257006E603C /* ItemRow.swift in Sources */,
				5514B7B0298B27FD006E603C /* Menu.swift in Sources */,
				5514B7AC298B27E4006E603C /* Helper.swift in Sources */,
			);
			runOnlyForDeploymentPostprocessing = 0;
		};
		55D386802989EC2A003A9D1F /* Sources */ = {
			isa = PBXSourcesBuildPhase;
			buildActionMask = 2147483647;
			files = (
				55D386892989EC2A003A9D1F /* ImenuTests.swift in Sources */,
			);
			runOnlyForDeploymentPostprocessing = 0;
		};
		55D3868A2989EC2A003A9D1F /* Sources */ = {
			isa = PBXSourcesBuildPhase;
			buildActionMask = 2147483647;
			files = (
				55D386932989EC2A003A9D1F /* ImenuUITests.swift in Sources */,
				55D386952989EC2A003A9D1F /* ImenuUITestsLaunchTests.swift in Sources */,
			);
			runOnlyForDeploymentPostprocessing = 0;
		};
/* End PBXSourcesBuildPhase section */

/* Begin PBXTargetDependency section */
		55D386862989EC2A003A9D1F /* PBXTargetDependency */ = {
			isa = PBXTargetDependency;
			target = 55D386732989EC29003A9D1F /* Imenu */;
			targetProxy = 55D386852989EC2A003A9D1F /* PBXContainerItemProxy */;
		};
		55D386902989EC2A003A9D1F /* PBXTargetDependency */ = {
			isa = PBXTargetDependency;
			target = 55D386732989EC29003A9D1F /* Imenu */;
			targetProxy = 55D3868F2989EC2A003A9D1F /* PBXContainerItemProxy */;
		};
/* End PBXTargetDependency section */

/* Begin XCBuildConfiguration section */
		55D386962989EC2A003A9D1F /* Debug */ = {
			isa = XCBuildConfiguration;
			buildSettings = {
				ALWAYS_SEARCH_USER_PATHS = NO;
				CLANG_ANALYZER_NONNULL = YES;
				CLANG_ANALYZER_NUMBER_OBJECT_CONVERSION = YES_AGGRESSIVE;
				CLANG_CXX_LANGUAGE_STANDARD = "gnu++20";
				CLANG_ENABLE_MODULES = YES;
				CLANG_ENABLE_OBJC_ARC = YES;
				CLANG_ENABLE_OBJC_WEAK = YES;
				CLANG_WARN_BLOCK_CAPTURE_AUTORELEASING = YES;
				CLANG_WARN_BOOL_CONVERSION = YES;
				CLANG_WARN_COMMA = YES;
				CLANG_WARN_CONSTANT_CONVERSION = YES;
				CLANG_WARN_DEPRECATED_OBJC_IMPLEMENTATIONS = YES;
				CLANG_WARN_DIRECT_OBJC_ISA_USAGE = YES_ERROR;
				CLANG_WARN_DOCUMENTATION_COMMENTS = YES;
				CLANG_WARN_EMPTY_BODY = YES;
				CLANG_WARN_ENUM_CONVERSION = YES;
				CLANG_WARN_INFINITE_RECURSION = YES;
				CLANG_WARN_INT_CONVERSION = YES;
				CLANG_WARN_NON_LITERAL_NULL_CONVERSION = YES;
				CLANG_WARN_OBJC_IMPLICIT_RETAIN_SELF = YES;
				CLANG_WARN_OBJC_LITERAL_CONVERSION = YES;
				CLANG_WARN_OBJC_ROOT_CLASS = YES_ERROR;
				CLANG_WARN_QUOTED_INCLUDE_IN_FRAMEWORK_HEADER = YES;
				CLANG_WARN_RANGE_LOOP_ANALYSIS = YES;
				CLANG_WARN_STRICT_PROTOTYPES = YES;
				CLANG_WARN_SUSPICIOUS_MOVE = YES;
				CLANG_WARN_UNGUARDED_AVAILABILITY = YES_AGGRESSIVE;
				CLANG_WARN_UNREACHABLE_CODE = YES;
				CLANG_WARN__DUPLICATE_METHOD_MATCH = YES;
				COPY_PHASE_STRIP = NO;
				DEBUG_INFORMATION_FORMAT = dwarf;
				ENABLE_STRICT_OBJC_MSGSEND = YES;
				ENABLE_TESTABILITY = YES;
				GCC_C_LANGUAGE_STANDARD = gnu11;
				GCC_DYNAMIC_NO_PIC = NO;
				GCC_NO_COMMON_BLOCKS = YES;
				GCC_OPTIMIZATION_LEVEL = 0;
				GCC_PREPROCESSOR_DEFINITIONS = (
					"DEBUG=1",
					"$(inherited)",
				);
				GCC_WARN_64_TO_32_BIT_CONVERSION = YES;
				GCC_WARN_ABOUT_RETURN_TYPE = YES_ERROR;
				GCC_WARN_UNDECLARED_SELECTOR = YES;
				GCC_WARN_UNINITIALIZED_AUTOS = YES_AGGRESSIVE;
				GCC_WARN_UNUSED_FUNCTION = YES;
				GCC_WARN_UNUSED_VARIABLE = YES;
				IPHONEOS_DEPLOYMENT_TARGET = 16.2;
				MTL_ENABLE_DEBUG_INFO = INCLUDE_SOURCE;
				MTL_FAST_MATH = YES;
				ONLY_ACTIVE_ARCH = YES;
				SDKROOT = iphoneos;
				SWIFT_ACTIVE_COMPILATION_CONDITIONS = DEBUG;
				SWIFT_OPTIMIZATION_LEVEL = "-Onone";
			};
			name = Debug;
		};
		55D386972989EC2A003A9D1F /* Release */ = {
			isa = XCBuildConfiguration;
			buildSettings = {
				ALWAYS_SEARCH_USER_PATHS = NO;
				CLANG_ANALYZER_NONNULL = YES;
				CLANG_ANALYZER_NUMBER_OBJECT_CONVERSION = YES_AGGRESSIVE;
				CLANG_CXX_LANGUAGE_STANDARD = "gnu++20";
				CLANG_ENABLE_MODULES = YES;
				CLANG_ENABLE_OBJC_ARC = YES;
				CLANG_ENABLE_OBJC_WEAK = YES;
				CLANG_WARN_BLOCK_CAPTURE_AUTORELEASING = YES;
				CLANG_WARN_BOOL_CONVERSION = YES;
				CLANG_WARN_COMMA = YES;
				CLANG_WARN_CONSTANT_CONVERSION = YES;
				CLANG_WARN_DEPRECATED_OBJC_IMPLEMENTATIONS = YES;
				CLANG_WARN_DIRECT_OBJC_ISA_USAGE = YES_ERROR;
				CLANG_WARN_DOCUMENTATION_COMMENTS = YES;
				CLANG_WARN_EMPTY_BODY = YES;
				CLANG_WARN_ENUM_CONVERSION = YES;
				CLANG_WARN_INFINITE_RECURSION = YES;
				CLANG_WARN_INT_CONVERSION = YES;
				CLANG_WARN_NON_LITERAL_NULL_CONVERSION = YES;
				CLANG_WARN_OBJC_IMPLICIT_RETAIN_SELF = YES;
				CLANG_WARN_OBJC_LITERAL_CONVERSION = YES;
				CLANG_WARN_OBJC_ROOT_CLASS = YES_ERROR;
				CLANG_WARN_QUOTED_INCLUDE_IN_FRAMEWORK_HEADER = YES;
				CLANG_WARN_RANGE_LOOP_ANALYSIS = YES;
				CLANG_WARN_STRICT_PROTOTYPES = YES;
				CLANG_WARN_SUSPICIOUS_MOVE = YES;
				CLANG_WARN_UNGUARDED_AVAILABILITY = YES_AGGRESSIVE;
				CLANG_WARN_UNREACHABLE_CODE = YES;
				CLANG_WARN__DUPLICATE_METHOD_MATCH = YES;
				COPY_PHASE_STRIP = NO;
				DEBUG_INFORMATION_FORMAT = "dwarf-with-dsym";
				ENABLE_NS_ASSERTIONS = NO;
				ENABLE_STRICT_OBJC_MSGSEND = YES;
				GCC_C_LANGUAGE_STANDARD = gnu11;
				GCC_NO_COMMON_BLOCKS = YES;
				GCC_WARN_64_TO_32_BIT_CONVERSION = YES;
				GCC_WARN_ABOUT_RETURN_TYPE = YES_ERROR;
				GCC_WARN_UNDECLARED_SELECTOR = YES;
				GCC_WARN_UNINITIALIZED_AUTOS = YES_AGGRESSIVE;
				GCC_WARN_UNUSED_FUNCTION = YES;
				GCC_WARN_UNUSED_VARIABLE = YES;
				IPHONEOS_DEPLOYMENT_TARGET = 16.2;
				MTL_ENABLE_DEBUG_INFO = NO;
				MTL_FAST_MATH = YES;
				SDKROOT = iphoneos;
				SWIFT_COMPILATION_MODE = wholemodule;
				SWIFT_OPTIMIZATION_LEVEL = "-O";
				VALIDATE_PRODUCT = YES;
			};
			name = Release;
		};
		55D386992989EC2A003A9D1F /* Debug */ = {
			isa = XCBuildConfiguration;
			buildSettings = {
				ASSETCATALOG_COMPILER_APPICON_NAME = AppIcon;
				ASSETCATALOG_COMPILER_GLOBAL_ACCENT_COLOR_NAME = AccentColor;
				CODE_SIGN_STYLE = Automatic;
				CURRENT_PROJECT_VERSION = 1;
				DEVELOPMENT_ASSET_PATHS = "\"Imenu/Preview Content\"";
				DEVELOPMENT_TEAM = Q5QJ9NN859;
				ENABLE_PREVIEWS = YES;
				GENERATE_INFOPLIST_FILE = YES;
				INFOPLIST_KEY_UIApplicationSceneManifest_Generation = YES;
				INFOPLIST_KEY_UIApplicationSupportsIndirectInputEvents = YES;
				INFOPLIST_KEY_UILaunchScreen_Generation = YES;
				INFOPLIST_KEY_UISupportedInterfaceOrientations_iPad = "UIInterfaceOrientationPortrait UIInterfaceOrientationPortraitUpsideDown UIInterfaceOrientationLandscapeLeft UIInterfaceOrientationLandscapeRight";
				INFOPLIST_KEY_UISupportedInterfaceOrientations_iPhone = "UIInterfaceOrientationPortrait UIInterfaceOrientationLandscapeLeft UIInterfaceOrientationLandscapeRight";
				LD_RUNPATH_SEARCH_PATHS = (
					"$(inherited)",
					"@executable_path/Frameworks",
				);
				MARKETING_VERSION = 1.0;
				PRODUCT_BUNDLE_IDENTIFIER = com.felipe.borba.Imenu;
				PRODUCT_NAME = "$(TARGET_NAME)";
				SWIFT_EMIT_LOC_STRINGS = YES;
				SWIFT_VERSION = 5.0;
				TARGETED_DEVICE_FAMILY = "1,2";
			};
			name = Debug;
		};
		55D3869A2989EC2A003A9D1F /* Release */ = {
			isa = XCBuildConfiguration;
			buildSettings = {
				ASSETCATALOG_COMPILER_APPICON_NAME = AppIcon;
				ASSETCATALOG_COMPILER_GLOBAL_ACCENT_COLOR_NAME = AccentColor;
				CODE_SIGN_STYLE = Automatic;
				CURRENT_PROJECT_VERSION = 1;
				DEVELOPMENT_ASSET_PATHS = "\"Imenu/Preview Content\"";
				DEVELOPMENT_TEAM = Q5QJ9NN859;
				ENABLE_PREVIEWS = YES;
				GENERATE_INFOPLIST_FILE = YES;
				INFOPLIST_KEY_UIApplicationSceneManifest_Generation = YES;
				INFOPLIST_KEY_UIApplicationSupportsIndirectInputEvents = YES;
				INFOPLIST_KEY_UILaunchScreen_Generation = YES;
				INFOPLIST_KEY_UISupportedInterfaceOrientations_iPad = "UIInterfaceOrientationPortrait UIInterfaceOrientationPortraitUpsideDown UIInterfaceOrientationLandscapeLeft UIInterfaceOrientationLandscapeRight";
				INFOPLIST_KEY_UISupportedInterfaceOrientations_iPhone = "UIInterfaceOrientationPortrait UIInterfaceOrientationLandscapeLeft UIInterfaceOrientationLandscapeRight";
				LD_RUNPATH_SEARCH_PATHS = (
					"$(inherited)",
					"@executable_path/Frameworks",
				);
				MARKETING_VERSION = 1.0;
				PRODUCT_BUNDLE_IDENTIFIER = com.felipe.borba.Imenu;
				PRODUCT_NAME = "$(TARGET_NAME)";
				SWIFT_EMIT_LOC_STRINGS = YES;
				SWIFT_VERSION = 5.0;
				TARGETED_DEVICE_FAMILY = "1,2";
			};
			name = Release;
		};
		55D3869C2989EC2A003A9D1F /* Debug */ = {
			isa = XCBuildConfiguration;
			buildSettings = {
				ALWAYS_EMBED_SWIFT_STANDARD_LIBRARIES = YES;
				BUNDLE_LOADER = "$(TEST_HOST)";
				CODE_SIGN_STYLE = Automatic;
				CURRENT_PROJECT_VERSION = 1;
				DEVELOPMENT_TEAM = Q5QJ9NN859;
				GENERATE_INFOPLIST_FILE = YES;
				IPHONEOS_DEPLOYMENT_TARGET = 16.2;
				MARKETING_VERSION = 1.0;
				PRODUCT_BUNDLE_IDENTIFIER = com.felipe.borba.ImenuTests;
				PRODUCT_NAME = "$(TARGET_NAME)";
				SWIFT_EMIT_LOC_STRINGS = NO;
				SWIFT_VERSION = 5.0;
				TARGETED_DEVICE_FAMILY = "1,2";
				TEST_HOST = "$(BUILT_PRODUCTS_DIR)/Imenu.app/$(BUNDLE_EXECUTABLE_FOLDER_PATH)/Imenu";
			};
			name = Debug;
		};
		55D3869D2989EC2A003A9D1F /* Release */ = {
			isa = XCBuildConfiguration;
			buildSettings = {
				ALWAYS_EMBED_SWIFT_STANDARD_LIBRARIES = YES;
				BUNDLE_LOADER = "$(TEST_HOST)";
				CODE_SIGN_STYLE = Automatic;
				CURRENT_PROJECT_VERSION = 1;
				DEVELOPMENT_TEAM = Q5QJ9NN859;
				GENERATE_INFOPLIST_FILE = YES;
				IPHONEOS_DEPLOYMENT_TARGET = 16.2;
				MARKETING_VERSION = 1.0;
				PRODUCT_BUNDLE_IDENTIFIER = com.felipe.borba.ImenuTests;
				PRODUCT_NAME = "$(TARGET_NAME)";
				SWIFT_EMIT_LOC_STRINGS = NO;
				SWIFT_VERSION = 5.0;
				TARGETED_DEVICE_FAMILY = "1,2";
				TEST_HOST = "$(BUILT_PRODUCTS_DIR)/Imenu.app/$(BUNDLE_EXECUTABLE_FOLDER_PATH)/Imenu";
			};
			name = Release;
		};
		55D3869F2989EC2A003A9D1F /* Debug */ = {
			isa = XCBuildConfiguration;
			buildSettings = {
				ALWAYS_EMBED_SWIFT_STANDARD_LIBRARIES = YES;
				CODE_SIGN_STYLE = Automatic;
				CURRENT_PROJECT_VERSION = 1;
				DEVELOPMENT_TEAM = Q5QJ9NN859;
				GENERATE_INFOPLIST_FILE = YES;
				MARKETING_VERSION = 1.0;
				PRODUCT_BUNDLE_IDENTIFIER = com.felipe.borba.ImenuUITests;
				PRODUCT_NAME = "$(TARGET_NAME)";
				SWIFT_EMIT_LOC_STRINGS = NO;
				SWIFT_VERSION = 5.0;
				TARGETED_DEVICE_FAMILY = "1,2";
				TEST_TARGET_NAME = Imenu;
			};
			name = Debug;
		};
		55D386A02989EC2A003A9D1F /* Release */ = {
			isa = XCBuildConfiguration;
			buildSettings = {
				ALWAYS_EMBED_SWIFT_STANDARD_LIBRARIES = YES;
				CODE_SIGN_STYLE = Automatic;
				CURRENT_PROJECT_VERSION = 1;
				DEVELOPMENT_TEAM = Q5QJ9NN859;
				GENERATE_INFOPLIST_FILE = YES;
				MARKETING_VERSION = 1.0;
				PRODUCT_BUNDLE_IDENTIFIER = com.felipe.borba.ImenuUITests;
				PRODUCT_NAME = "$(TARGET_NAME)";
				SWIFT_EMIT_LOC_STRINGS = NO;
				SWIFT_VERSION = 5.0;
				TARGETED_DEVICE_FAMILY = "1,2";
				TEST_TARGET_NAME = Imenu;
			};
			name = Release;
		};
/* End XCBuildConfiguration section */

/* Begin XCConfigurationList section */
		55D3866F2989EC29003A9D1F /* Build configuration list for PBXProject "Imenu" */ = {
			isa = XCConfigurationList;
			buildConfigurations = (
				55D386962989EC2A003A9D1F /* Debug */,
				55D386972989EC2A003A9D1F /* Release */,
			);
			defaultConfigurationIsVisible = 0;
			defaultConfigurationName = Release;
		};
		55D386982989EC2A003A9D1F /* Build configuration list for PBXNativeTarget "Imenu" */ = {
			isa = XCConfigurationList;
			buildConfigurations = (
				55D386992989EC2A003A9D1F /* Debug */,
				55D3869A2989EC2A003A9D1F /* Release */,
			);
			defaultConfigurationIsVisible = 0;
			defaultConfigurationName = Release;
		};
		55D3869B2989EC2A003A9D1F /* Build configuration list for PBXNativeTarget "ImenuTests" */ = {
			isa = XCConfigurationList;
			buildConfigurations = (
				55D3869C2989EC2A003A9D1F /* Debug */,
				55D3869D2989EC2A003A9D1F /* Release */,
			);
			defaultConfigurationIsVisible = 0;
			defaultConfigurationName = Release;
		};
		55D3869E2989EC2A003A9D1F /* Build configuration list for PBXNativeTarget "ImenuUITests" */ = {
			isa = XCConfigurationList;
			buildConfigurations = (
				55D3869F2989EC2A003A9D1F /* Debug */,
				55D386A02989EC2A003A9D1F /* Release */,
			);
			defaultConfigurationIsVisible = 0;
			defaultConfigurationName = Release;
		};
/* End XCConfigurationList section */
	};
	rootObject = 55D3866C2989EC29003A9D1F /* Project object */;
}
